{
  "name": "webpack-angular-material",
  "version": "0.3.0",
  "lockfileVersion": 1,
  "dependencies": {
    "angular": {
      "version": "1.6.4",
      "resolved": "https://registry.npmjs.org/angular/-/angular-1.6.4.tgz",
      "integrity": "sha1-A7exXAGggC1+LPWTJA5gQFTcd/s="
    },
    "angular-animate": {
      "version": "1.6.4",
      "resolved": "https://registry.npmjs.org/angular-animate/-/angular-animate-1.6.4.tgz",
      "integrity": "sha1-0+uQbTmDTy373Zgua416O02QAdI="
    },
    "angular-aria": {
      "version": "1.6.4",
      "resolved": "https://registry.npmjs.org/angular-aria/-/angular-aria-1.6.4.tgz",
      "integrity": "sha1-yGg2ZqzhlmaPaOciCBG9z8nhBuQ="
    },
    "angular-material": {
      "version": "1.1.4",
      "resolved": "https://registry.npmjs.org/angular-material/-/angular-material-1.1.4.tgz",
      "integrity": "sha1-J941ZG9UzNMgCArwxwjhtDivh/Y="
    },
    "angular-messages": {
      "version": "1.6.4",
      "resolved": "https://registry.npmjs.org/angular-messages/-/angular-messages-1.6.4.tgz",
      "integrity": "sha1-nsnBOTKTsU3lQWHS+El3ZInpgP4="
    },
    "angular-mocks": {
      "version": "1.6.4",
      "resolved": "https://registry.npmjs.org/angular-mocks/-/angular-mocks-1.6.4.tgz",
      "integrity": "sha1-R/31CSHPJPtInxAKjPKtmdBTj0A="
    },
    "angular-route": {
      "version": "1.6.4",
      "resolved": "https://registry.npmjs.org/angular-route/-/angular-route-1.6.4.tgz",
      "integrity": "sha1-e7IW/Np0ahuMRSBUsFkApwdOzGI="
    },
    "angular-sanitize": {
      "version": "1.6.4",
      "resolved": "https://registry.npmjs.org/angular-sanitize/-/angular-sanitize-1.6.4.tgz",
      "integrity": "sha1-YKN+qW+w1KMio8y2TuSlzzsVTww="
    },
    "jquery": {
      "version": "3.2.1",
      "resolved": "https://registry.npmjs.org/jquery/-/jquery-3.2.1.tgz",
      "integrity": "sha1-XE2d5lKvbNCncBVKYxu6ErAVx4c="
    }
  }
}
